<?xml version="1.0" encoding="utf-8"?>
<Project ToolsVersion="4.0" xmlns="http://schemas.microsoft.com/developer/msbuild/2003">
  <ItemGroup>
    <Filter Include="源文件">
      <UniqueIdentifier>{4FC737F1-C7A5-4376-A066-2A32D752A2FF}</UniqueIdentifier>
      <Extensions>cpp;c;cc;cxx;def;odl;idl;hpj;bat;asm;asmx</Extensions>
    </Filter>
    <Filter Include="头文件">
      <UniqueIdentifier>{93995380-89BD-4b04-88EB-625FBE52EBFB}</UniqueIdentifier>
      <Extensions>h;hh;hpp;hxx;hm;inl;inc;xsd</Extensions>
    </Filter>
    <Filter Include="资源文件">
      <UniqueIdentifier>{67DA6AB6-F800-4c08-8B7A-83BB121AAD01}</UniqueIdentifier>
      <Extensions>rc;ico;cur;bmp;dlg;rc2;rct;bin;rgs;gif;jpg;jpeg;jpe;resx;tiff;tif;png;wav;mfcribbon-ms</Extensions>
    </Filter>
  </ItemGroup>
  <ItemGroup>
    <Text Include="ReadMe.txt" />
  </ItemGroup>
  <ItemGroup>
    <ClInclude Include="src\CFileVersion.h">
      <Filter>头文件</Filter>
    </ClInclude>
    <ClInclude Include="src\easylogging++.h">
      <Filter>头文件</Filter>
    </ClInclude>
    <ClInclude Include="src\Mylog.h">
      <Filter>头文件</Filter>
    </ClInclude>
    <ClInclude Include="src\MySort.h">
      <Filter>头文件</Filter>
    </ClInclude>
    <ClInclude Include="src\MyTimer.h">
      <Filter>头文件</Filter>
    </ClInclude>
    <ClInclude Include="src\myTunTap.h">
      <Filter>头文件</Filter>
    </ClInclude>
    <ClInclude Include="src\processMonitor.h">
      <Filter>头文件</Filter>
    </ClInclude>
    <ClInclude Include="src\sql_conn_cpp.h">
      <Filter>头文件</Filter>
    </ClInclude>
    <ClInclude Include="src\stdafx.h">
      <Filter>头文件</Filter>
    </ClInclude>
    <ClInclude Include="src\str_fun.h">
      <Filter>头文件</Filter>
    </ClInclude>
    <ClInclude Include="src\targetver.h">
      <Filter>头文件</Filter>
    </ClInclude>
    <ClInclude Include="src\testMultiThread.h">
      <Filter>头文件</Filter>
    </ClInclude>
    <ClInclude Include="src\TestWinPcap.h">
      <Filter>头文件</Filter>
    </ClInclude>
    <ClInclude Include="src\tuntap.h">
      <Filter>头文件</Filter>
    </ClInclude>
    <ClInclude Include="src\MyBitree.h">
      <Filter>头文件</Filter>
    </ClInclude>
  </ItemGroup>
  <ItemGroup>
    <ClCompile Include="src\CFileVersion.cpp">
      <Filter>源文件</Filter>
    </ClCompile>
    <ClCompile Include="src\ConsoleTest.cpp">
      <Filter>源文件</Filter>
    </ClCompile>
    <ClCompile Include="src\easylogging++.cpp">
      <Filter>源文件</Filter>
    </ClCompile>
    <ClCompile Include="src\getRdmString.cpp">
      <Filter>源文件</Filter>
    </ClCompile>
    <ClCompile Include="src\Mylog.cpp">
      <Filter>源文件</Filter>
    </ClCompile>
    <ClCompile Include="src\MySort.cpp">
      <Filter>源文件</Filter>
    </ClCompile>
    <ClCompile Include="src\MyTimer.cpp">
      <Filter>源文件</Filter>
    </ClCompile>
    <ClCompile Include="src\myTunTap.cpp">
      <Filter>源文件</Filter>
    </ClCompile>
    <ClCompile Include="src\processMonitor.cpp">
      <Filter>源文件</Filter>
    </ClCompile>
    <ClCompile Include="src\readFile.cpp">
      <Filter>源文件</Filter>
    </ClCompile>
    <ClCompile Include="src\recursion.cpp">
      <Filter>源文件</Filter>
    </ClCompile>
    <ClCompile Include="src\sockerServer.cpp">
      <Filter>源文件</Filter>
    </ClCompile>
    <ClCompile Include="src\sql_conn_cpp.cpp">
      <Filter>源文件</Filter>
    </ClCompile>
    <ClCompile Include="src\stdafx.cpp">
      <Filter>源文件</Filter>
    </ClCompile>
    <ClCompile Include="src\str_fun.cpp">
      <Filter>源文件</Filter>
    </ClCompile>
    <ClCompile Include="src\strHandle.cpp">
      <Filter>源文件</Filter>
    </ClCompile>
    <ClCompile Include="src\testArray.cpp">
      <Filter>源文件</Filter>
    </ClCompile>
    <ClCompile Include="src\testClass.cpp">
      <Filter>源文件</Filter>
    </ClCompile>
    <ClCompile Include="src\testExec.cpp">
      <Filter>源文件</Filter>
    </ClCompile>
    <ClCompile Include="src\testFriend.cpp">
      <Filter>源文件</Filter>
    </ClCompile>
    <ClCompile Include="src\testFstream.cpp">
      <Filter>源文件</Filter>
    </ClCompile>
    <ClCompile Include="src\testHashMap.cpp">
      <Filter>源文件</Filter>
    </ClCompile>
    <ClCompile Include="src\testList.cpp">
      <Filter>源文件</Filter>
    </ClCompile>
    <ClCompile Include="src\testMap.cpp">
      <Filter>源文件</Filter>
    </ClCompile>
    <ClCompile Include="src\testMultiThread.cpp">
      <Filter>源文件</Filter>
    </ClCompile>
    <ClCompile Include="src\testSelect.cpp">
      <Filter>源文件</Filter>
    </ClCompile>
    <ClCompile Include="src\testSet.cpp">
      <Filter>源文件</Filter>
    </ClCompile>
    <ClCompile Include="src\testSort.cpp">
      <Filter>源文件</Filter>
    </ClCompile>
    <ClCompile Include="src\testStack.cpp">
      <Filter>源文件</Filter>
    </ClCompile>
    <ClCompile Include="src\testValist.cpp">
      <Filter>源文件</Filter>
    </ClCompile>
    <ClCompile Include="src\testVector.cpp">
      <Filter>源文件</Filter>
    </ClCompile>
    <ClCompile Include="src\testVolatile.cpp">
      <Filter>源文件</Filter>
    </ClCompile>
    <ClCompile Include="src\TestWinPcap.cpp">
      <Filter>源文件</Filter>
    </ClCompile>
    <ClCompile Include="src\testWMI.cpp">
      <Filter>源文件</Filter>
    </ClCompile>
    <ClCompile Include="src\MyBitree.cpp">
      <Filter>源文件</Filter>
    </ClCompile>
  </ItemGroup>
</Project>