<?xml version="1.0" encoding="utf-8"?>
<Project ToolsVersion="4.0" xmlns="http://schemas.microsoft.com/developer/msbuild/2003">
  <ItemGroup>
    <Filter Include="资源文件">
      <UniqueIdentifier>{67DA6AB6-F800-4c08-8B7A-83BB121AAD01}</UniqueIdentifier>
      <Extensions>rc;ico;cur;bmp;dlg;rc2;rct;bin;rgs;gif;jpg;jpeg;jpe;resx;tiff;tif;png;wav;mfcribbon-ms</Extensions>
    </Filter>
    <Filter Include="src">
      <UniqueIdentifier>{ed72ba36-7a3c-4783-8fb1-561b135ede81}</UniqueIdentifier>
    </Filter>
    <Filter Include="src\头文件">
      <UniqueIdentifier>{93995380-89BD-4b04-88EB-625FBE52EBFB}</UniqueIdentifier>
      <Extensions>h;hh;hpp;hxx;hm;inl;inc;xsd</Extensions>
    </Filter>
    <Filter Include="src\源文件">
      <UniqueIdentifier>{4FC737F1-C7A5-4376-A066-2A32D752A2FF}</UniqueIdentifier>
      <Extensions>cpp;c;cc;cxx;def;odl;idl;hpj;bat;asm;asmx</Extensions>
    </Filter>
    <Filter Include="src\container">
      <UniqueIdentifier>{1f4fbb56-4801-4ac2-92ac-7809ef045c76}</UniqueIdentifier>
    </Filter>
    <Filter Include="src\thirdLib">
      <UniqueIdentifier>{95293dfb-14dc-4ddd-957e-d7df40a91ccb}</UniqueIdentifier>
    </Filter>
    <Filter Include="src\stringHandle">
      <UniqueIdentifier>{8f9040b0-2a3e-434c-9a12-cb090fc6b24e}</UniqueIdentifier>
    </Filter>
  </ItemGroup>
  <ItemGroup>
    <Text Include="ReadMe.txt" />
  </ItemGroup>
  <ItemGroup>
    <ClInclude Include="src\Mylog.h">
      <Filter>src\头文件</Filter>
    </ClInclude>
    <ClInclude Include="src\MySort.h">
      <Filter>src\头文件</Filter>
    </ClInclude>
    <ClInclude Include="src\MyTimer.h">
      <Filter>src\头文件</Filter>
    </ClInclude>
    <ClInclude Include="src\myTunTap.h">
      <Filter>src\头文件</Filter>
    </ClInclude>
    <ClInclude Include="src\processMonitor.h">
      <Filter>src\头文件</Filter>
    </ClInclude>
    <ClInclude Include="src\stdafx.h">
      <Filter>src\头文件</Filter>
    </ClInclude>
    <ClInclude Include="src\targetver.h">
      <Filter>src\头文件</Filter>
    </ClInclude>
    <ClInclude Include="src\testMultiThread.h">
      <Filter>src\头文件</Filter>
    </ClInclude>
    <ClInclude Include="src\tuntap.h">
      <Filter>src\头文件</Filter>
    </ClInclude>
    <ClInclude Include="src\MyBitree.h">
      <Filter>src\头文件</Filter>
    </ClInclude>
    <ClInclude Include="src\ThreadPool.h">
      <Filter>src\头文件</Filter>
    </ClInclude>
    <ClInclude Include="src\getDate.h">
      <Filter>src\头文件</Filter>
    </ClInclude>
    <ClInclude Include="src\stringHandle\CFileVersion.h">
      <Filter>src\stringHandle</Filter>
    </ClInclude>
    <ClInclude Include="src\stringHandle\str_fun.h">
      <Filter>src\stringHandle</Filter>
    </ClInclude>
    <ClInclude Include="src\thirdLib\cJSON.h">
      <Filter>src\thirdLib</Filter>
    </ClInclude>
    <ClInclude Include="src\thirdLib\easylogging++.h">
      <Filter>src\thirdLib</Filter>
    </ClInclude>
    <ClInclude Include="src\thirdLib\HttpServerLibevent.h">
      <Filter>src\thirdLib</Filter>
    </ClInclude>
    <ClInclude Include="src\thirdLib\sql_conn_cpp.h">
      <Filter>src\thirdLib</Filter>
    </ClInclude>
    <ClInclude Include="src\thirdLib\sqlite3.h">
      <Filter>src\thirdLib</Filter>
    </ClInclude>
    <ClInclude Include="src\thirdLib\testRTTR.h">
      <Filter>src\thirdLib</Filter>
    </ClInclude>
    <ClInclude Include="src\thirdLib\TestWinPcap.h">
      <Filter>src\thirdLib</Filter>
    </ClInclude>
  </ItemGroup>
  <ItemGroup>
    <ClCompile Include="src\ConsoleTest.cpp">
      <Filter>src\源文件</Filter>
    </ClCompile>
    <ClCompile Include="src\Mylog.cpp">
      <Filter>src\源文件</Filter>
    </ClCompile>
    <ClCompile Include="src\MySort.cpp">
      <Filter>src\源文件</Filter>
    </ClCompile>
    <ClCompile Include="src\MyTimer.cpp">
      <Filter>src\源文件</Filter>
    </ClCompile>
    <ClCompile Include="src\myTunTap.cpp">
      <Filter>src\源文件</Filter>
    </ClCompile>
    <ClCompile Include="src\processMonitor.cpp">
      <Filter>src\源文件</Filter>
    </ClCompile>
    <ClCompile Include="src\recursion.cpp">
      <Filter>src\源文件</Filter>
    </ClCompile>
    <ClCompile Include="src\sockerServer.cpp">
      <Filter>src\源文件</Filter>
    </ClCompile>
    <ClCompile Include="src\stdafx.cpp">
      <Filter>src\源文件</Filter>
    </ClCompile>
    <ClCompile Include="src\testClass.cpp">
      <Filter>src\源文件</Filter>
    </ClCompile>
    <ClCompile Include="src\testExec.cpp">
      <Filter>src\源文件</Filter>
    </ClCompile>
    <ClCompile Include="src\testFriend.cpp">
      <Filter>src\源文件</Filter>
    </ClCompile>
    <ClCompile Include="src\testMultiThread.cpp">
      <Filter>src\源文件</Filter>
    </ClCompile>
    <ClCompile Include="src\testSelect.cpp">
      <Filter>src\源文件</Filter>
    </ClCompile>
    <ClCompile Include="src\testValist.cpp">
      <Filter>src\源文件</Filter>
    </ClCompile>
    <ClCompile Include="src\testVolatile.cpp">
      <Filter>src\源文件</Filter>
    </ClCompile>
    <ClCompile Include="src\testWMI.cpp">
      <Filter>src\源文件</Filter>
    </ClCompile>
    <ClCompile Include="src\backtracking.cpp">
      <Filter>src\源文件</Filter>
    </ClCompile>
    <ClCompile Include="src\getDate.cpp">
      <Filter>src\源文件</Filter>
    </ClCompile>
    <ClCompile Include="src\container\testArray.cpp">
      <Filter>src\container</Filter>
    </ClCompile>
    <ClCompile Include="src\container\testHashMap.cpp">
      <Filter>src\container</Filter>
    </ClCompile>
    <ClCompile Include="src\container\testList.cpp">
      <Filter>src\container</Filter>
    </ClCompile>
    <ClCompile Include="src\container\testMap.cpp">
      <Filter>src\container</Filter>
    </ClCompile>
    <ClCompile Include="src\container\testSet.cpp">
      <Filter>src\container</Filter>
    </ClCompile>
    <ClCompile Include="src\container\testStack.cpp">
      <Filter>src\container</Filter>
    </ClCompile>
    <ClCompile Include="src\container\testVector.cpp">
      <Filter>src\container</Filter>
    </ClCompile>
    <ClCompile Include="src\stringHandle\CFileVersion.cpp">
      <Filter>src\stringHandle</Filter>
    </ClCompile>
    <ClCompile Include="src\stringHandle\getRdmString.cpp">
      <Filter>src\stringHandle</Filter>
    </ClCompile>
    <ClCompile Include="src\stringHandle\str_fun.cpp">
      <Filter>src\stringHandle</Filter>
    </ClCompile>
    <ClCompile Include="src\stringHandle\testFstream.cpp">
      <Filter>src\stringHandle</Filter>
    </ClCompile>
    <ClCompile Include="src\thirdLib\cJSON_test.cpp">
      <Filter>src\thirdLib</Filter>
    </ClCompile>
    <ClCompile Include="src\thirdLib\easylogging++.cpp">
      <Filter>src\thirdLib</Filter>
    </ClCompile>
    <ClCompile Include="src\thirdLib\HttpServerLibevent.cpp">
      <Filter>src\thirdLib</Filter>
    </ClCompile>
    <ClCompile Include="src\thirdLib\sql_conn_cpp.cpp">
      <Filter>src\thirdLib</Filter>
    </ClCompile>
    <ClCompile Include="src\thirdLib\testRapidJson.cpp">
      <Filter>src\thirdLib</Filter>
    </ClCompile>
    <ClCompile Include="src\thirdLib\testRTTR.cpp">
      <Filter>src\thirdLib</Filter>
    </ClCompile>
    <ClCompile Include="src\thirdLib\testSQLite.cpp">
      <Filter>src\thirdLib</Filter>
    </ClCompile>
    <ClCompile Include="src\thirdLib\TestWinPcap.cpp">
      <Filter>src\thirdLib</Filter>
    </ClCompile>
    <ClCompile Include="src\thirdLib\cJSON.c">
      <Filter>src\thirdLib</Filter>
    </ClCompile>
    <ClCompile Include="src\thirdLib\sqlite3.c">
      <Filter>src\thirdLib</Filter>
    </ClCompile>
    <ClCompile Include="src\stringHandle\readFile.cpp">
      <Filter>src\stringHandle</Filter>
    </ClCompile>
  </ItemGroup>
</Project>